
Microsoft Visual Studio Solution File, Format Version 12.00
# Visual Studio Version 17
VisualStudioVersion = 17.14.36623.8
MinimumVisualStudioVersion = 10.0.40219.1
Project("{FAE04EC0-301F-11D3-BF4B-00C04F79EFBC}") = "ShoppingListAPI", "ShoppingListAPI\ShoppingListAPI.csproj", "{0D5018BC-6D79-4C5F-92CB-2EDCCFC73604}"
EndProject
Global
	GlobalSection(SolutionConfigurationPlatforms) = preSolution
		Debug|Any CPU = Debug|Any CPU
		Release|Any CPU = Release|Any CPU
	EndGlobalSection
	GlobalSection(ProjectConfigurationPlatforms) = postSolution
		{0D5018BC-6D79-4C5F-92CB-2EDCCFC73604}.Debug|Any CPU.ActiveCfg = Debug|Any CPU
		{0D5018BC-6D79-4C5F-92CB-2EDCCFC73604}.Debug|Any CPU.Build.0 = Debug|Any CPU
		{0D5018BC-6D79-4C5F-92CB-2EDCCFC73604}.Release|Any CPU.ActiveCfg = Release|Any CPU
		{0D5018BC-6D79-4C5F-92CB-2EDCCFC73604}.Release|Any CPU.Build.0 = Release|Any CPU
	EndGlobalSection
	GlobalSection(SolutionProperties) = preSolution
		HideSolutionNode = FALSE
	EndGlobalSection
	GlobalSection(ExtensibilityGlobals) = postSolution
		SolutionGuid = {383A1A7D-5E03-41EF-8ADC-09C41BA6A4A6}
	EndGlobalSection
EndGlobal
